// !$*UTF8*$!
{
	archiveVersion = 1;
	classes = {
	};
	objectVersion = 46;
	objects = {

/* Begin PBXBuildFile section */
		5D6ADB5317B4FDC80093957A /* Foundation.framework in Frameworks */ = {isa = PBXBuildFile; fileRef = 5D6ADB5217B4FDC80093957A /* Foundation.framework */; };
		5D6ADB5617B4FDC80093957A /* main.m in Sources */ = {isa = PBXBuildFile; fileRef = 5D6ADB5517B4FDC80093957A /* main.m */; };
		5D6ADB5A17B4FDC80093957A /* Stockz.1 in CopyFiles */ = {isa = PBXBuildFile; fileRef = 5D6ADB5917B4FDC80093957A /* Stockz.1 */; };
/* End PBXBuildFile section */

/* Begin PBXCopyFilesBuildPhase section */
		5D6ADB4D17B4FDC80093957A /* CopyFiles */ = {
			isa = PBXCopyFilesBuildPhase;
			buildActionMask = 2147483647;
			dstPath = /usr/share/man/man1/;
			dstSubfolderSpec = 0;
			files = (
				5D6ADB5A17B4FDC80093957A /* Stockz.1 in CopyFiles */,
			);
			runOnlyForDeploymentPostprocessing = 1;
		};
/* End PBXCopyFilesBuildPhase section */

/* Begin PBXFileReference section */
		5D6ADB4F17B4FDC80093957A /* Stockz */ = {isa = PBXFileReference; explicitFileType = "compiled.mach-o.executable"; includeInIndex = 0; path = Stockz; sourceTree = BUILT_PRODUCTS_DIR; };
		5D6ADB5217B4FDC80093957A /* Foundation.framework */ = {isa = PBXFileReference; lastKnownFileType = wrapper.framework; name = Foundation.framework; path = System/Library/Frameworks/Foundation.framework; sourceTree = SDKROOT; };
		5D6ADB5517B4FDC80093957A /* main.m */ = {isa = PBXFileReference; lastKnownFileType = sourcecode.c.objc; path = main.m; sourceTree = "<group>"; };
		5D6ADB5817B4FDC80093957A /* Stockz-Prefix.pch */ = {isa = PBXFileReference; lastKnownFileType = sourcecode.c.h; path = "Stockz-Prefix.pch"; sourceTree = "<group>"; };
		5D6ADB5917B4FDC80093957A /* Stockz.1 */ = {isa = PBXFileReference; lastKnownFileType = text.man; path = Stockz.1; sourceTree = "<group>"; };
/* End PBXFileReference section */

/* Begin PBXFrameworksBuildPhase section */
		5D6ADB4C17B4FDC80093957A /* Frameworks */ = {
			isa = PBXFrameworksBuildPhase;
			buildActionMask = 2147483647;
			files = (
				5D6ADB5317B4FDC80093957A /* Foundation.framework in Frameworks */,
			);
			runOnlyForDeploymentPostprocessing = 0;
		};
/* End PBXFrameworksBuildPhase section */

/* Begin PBXGroup section */
		5D6ADB4617B4FDC80093957A = {
			isa = PBXGroup;
			children = (
				5D6ADB5417B4FDC80093957A /* Stockz */,
				5D6ADB5117B4FDC80093957A /* Frameworks */,
				5D6ADB5017B4FDC80093957A /* Products */,
			);
			sourceTree = "<group>";
		};
		5D6ADB5017B4FDC80093957A /* Products */ = {
			isa = PBXGroup;
			children = (
				5D6ADB4F17B4FDC80093957A /* Stockz */,
			);
			name = Products;
			sourceTree = "<group>";
		};
		5D6ADB5117B4FDC80093957A /* Frameworks */ = {
			isa = PBXGroup;
			children = (
				5D6ADB5217B4FDC80093957A /* Foundation.framework */,
			);
			name = Frameworks;
			sourceTree = "<group>";
		};
		5D6ADB5417B4FDC80093957A /* Stockz */ = {
			isa = PBXGroup;
			children = (
				5D6ADB5517B4FDC80093957A /* main.m */,
				5D6ADB5917B4FDC80093957A /* Stockz.1 */,
				5D6ADB5717B4FDC80093957A /* Supporting Files */,
			);
			path = Stockz;
			sourceTree = "<group>";
		};
		5D6ADB5717B4FDC80093957A /* Supporting Files */ = {
			isa = PBXGroup;
			children = (
				5D6ADB5817B4FDC80093957A /* Stockz-Prefix.pch */,
			);
			name = "Supporting Files";
			sourceTree = "<group>";
		};
/* End PBXGroup section */

/* Begin PBXNativeTarget section */
		5D6ADB4E17B4FDC80093957A /* Stockz */ = {
			isa = PBXNativeTarget;
			buildConfigurationList = 5D6ADB5D17B4FDC80093957A /* Build configuration list for PBXNativeTarget "Stockz" */;
			buildPhases = (
				5D6ADB4B17B4FDC80093957A /* Sources */,
				5D6ADB4C17B4FDC80093957A /* Frameworks */,
				5D6ADB4D17B4FDC80093957A /* CopyFiles */,
			);
			buildRules = (
			);
			dependencies = (
			);
			name = Stockz;
			productName = Stockz;
			productReference = 5D6ADB4F17B4FDC80093957A /* Stockz */;
			productType = "com.apple.product-type.tool";
		};
/* End PBXNativeTarget section */

/* Begin PBXProject section */
		5D6ADB4717B4FDC80093957A /* Project object */ = {
			isa = PBXProject;
			attributes = {
				LastUpgradeCheck = 0500;
				ORGANIZATIONNAME = "SofDev Inc.";
			};
			buildConfigurationList = 5D6ADB4A17B4FDC80093957A /* Build configuration list for PBXProject "Stockz" */;
			compatibilityVersion = "Xcode 3.2";
			developmentRegion = English;
			hasScannedForEncodings = 0;
			knownRegions = (
				en,
			);
			mainGroup = 5D6ADB4617B4FDC80093957A;
			productRefGroup = 5D6ADB5017B4FDC80093957A /* Products */;
			projectDirPath = "";
			projectRoot = "";
			targets = (
				5D6ADB4E17B4FDC80093957A /* Stockz */,
			);
		};
/* End PBXProject section */

/* Begin PBXSourcesBuildPhase section */
		5D6ADB4B17B4FDC80093957A /* Sources */ = {
			isa = PBXSourcesBuildPhase;
			buildActionMask = 2147483647;
			files = (
				5D6ADB5617B4FDC80093957A /* main.m in Sources */,
			);
			runOnlyForDeploymentPostprocessing = 0;
		};
/* End PBXSourcesBuildPhase section */

/* Begin XCBuildConfiguration section */
		5D6ADB5B17B4FDC80093957A /* Debug */ = {
			isa = XCBuildConfiguration;
			buildSettings = {
				ALWAYS_SEARCH_USER_PATHS = NO;
				CLANG_CXX_LANGUAGE_STANDARD = "gnu++0x";
				CLANG_CXX_LIBRARY = "libc++";
				CLANG_ENABLE_MODULES = YES;
				CLANG_ENABLE_OBJC_ARC = YES;
				CLANG_WARN_BOOL_CONVERSION = YES;
				CLANG_WARN_CONSTANT_CONVERSION = YES;
				CLANG_WARN_DIRECT_OBJC_ISA_USAGE = YES_ERROR;
				CLANG_WARN_EMPTY_BODY = YES;
				CLANG_WARN_ENUM_CONVERSION = YES;
				CLANG_WARN_INT_CONVERSION = YES;
				CLANG_WARN_OBJC_ROOT_CLASS = YES_ERROR;
				CLANG_WARN__DUPLICATE_METHOD_MATCH = YES;
				COPY_PHASE_STRIP = NO;
				GCC_C_LANGUAGE_STANDARD = gnu99;
				GCC_DYNAMIC_NO_PIC = NO;
				GCC_ENABLE_OBJC_EXCEPTIONS = YES;
				GCC_OPTIMIZATION_LEVEL = 0;
				GCC_PREPROCESSOR_DEFINITIONS = (
					"DEBUG=1",
					"$(inherited)",
				);
				GCC_SYMBOLS_PRIVATE_EXTERN = NO;
				GCC_WARN_64_TO_32_BIT_CONVERSION = YES;
				GCC_WARN_ABOUT_RETURN_TYPE = YES_ERROR;
				GCC_WARN_UNDECLARED_SELECTOR = YES;
				GCC_WARN_UNINITIALIZED_AUTOS = YES;
				GCC_WARN_UNUSED_FUNCTION = YES;
				GCC_WARN_UNUSED_VARIABLE = YES;
				MACOSX_DEPLOYMENT_TARGET = 10.8;
				ONLY_ACTIVE_ARCH = YES;
				SDKROOT = macosx;
			};
			name = Debug;
		};
		5D6ADB5C17B4FDC80093957A /* Release */ = {
			isa = XCBuildConfiguration;
			buildSettings = {
				ALWAYS_SEARCH_USER_PATHS = NO;
				CLANG_CXX_LANGUAGE_STANDARD = "gnu++0x";
				CLANG_CXX_LIBRARY = "libc++";
				CLANG_ENABLE_MODULES = YES;
				CLANG_ENABLE_OBJC_ARC = YES;
				CLANG_WARN_BOOL_CONVERSION = YES;
				CLANG_WARN_CONSTANT_CONVERSION = YES;
				CLANG_WARN_DIRECT_OBJC_ISA_USAGE = YES_ERROR;
				CLANG_WARN_EMPTY_BODY = YES;
				CLANG_WARN_ENUM_CONVERSION = YES;
				CLANG_WARN_INT_CONVERSION = YES;
				CLANG_WARN_OBJC_ROOT_CLASS = YES_ERROR;
				CLANG_WARN__DUPLICATE_METHOD_MATCH = YES;
				COPY_PHASE_STRIP = YES;
				DEBUG_INFORMATION_FORMAT = "dwarf-with-dsym";
				ENABLE_NS_ASSERTIONS = NO;
				GCC_C_LANGUAGE_STANDARD = gnu99;
				GCC_ENABLE_OBJC_EXCEPTIONS = YES;
				GCC_WARN_64_TO_32_BIT_CONVERSION = YES;
				GCC_WARN_ABOUT_RETURN_TYPE = YES_ERROR;
				GCC_WARN_UNDECLARED_SELECTOR = YES;
				GCC_WARN_UNINITIALIZED_AUTOS = YES;
				GCC_WARN_UNUSED_FUNCTION = YES;
				GCC_WARN_UNUSED_VARIABLE = YES;
				MACOSX_DEPLOYMENT_TARGET = 10.8;
				SDKROOT = macosx;
			};
			name = Release;
		};
		5D6ADB5E17B4FDC80093957A /* Debug */ = {
			isa = XCBuildConfiguration;
			buildSettings = {
				GCC_PRECOMPILE_PREFIX_HEADER = YES;
				GCC_PREFIX_HEADER = "Stockz/Stockz-Prefix.pch";
				PRODUCT_NAME = "$(TARGET_NAME)";
			};
			name = Debug;
		};
		5D6ADB5F17B4FDC80093957A /* Release */ = {
			isa = XCBuildConfiguration;
			buildSettings = {
				GCC_PRECOMPILE_PREFIX_HEADER = YES;
				GCC_PREFIX_HEADER = "Stockz/Stockz-Prefix.pch";
				PRODUCT_NAME = "$(TARGET_NAME)";
			};
			name = Release;
		};
/* End XCBuildConfiguration section */

/* Begin XCConfigurationList section */
		5D6ADB4A17B4FDC80093957A /* Build configuration list for PBXProject "Stockz" */ = {
			isa = XCConfigurationList;
			buildConfigurations = (
				5D6ADB5B17B4FDC80093957A /* Debug */,
				5D6ADB5C17B4FDC80093957A /* Release */,
			);
			defaultConfigurationIsVisible = 0;
			defaultConfigurationName = Release;
		};
		5D6ADB5D17B4FDC80093957A /* Build configuration list for PBXNativeTarget "Stockz" */ = {
			isa = XCConfigurationList;
			buildConfigurations = (
				5D6ADB5E17B4FDC80093957A /* Debug */,
				5D6ADB5F17B4FDC80093957A /* Release */,
			);
			defaultConfigurationIsVisible = 0;
		};
/* End XCConfigurationList section */
	};
	rootObject = 5D6ADB4717B4FDC80093957A /* Project object */;
}
