// !$*UTF8*$!
{
	archiveVersion = 1;
	classes = {
	};
	objectVersion = 46;
	objects = {

/* Begin PBXBuildFile section */
		5DF274AA1774142C006014CF /* Foundation.framework in Frameworks */ = {isa = PBXBuildFile; fileRef = 5DF274A91774142C006014CF /* Foundation.framework */; };
		5DF274AD1774142C006014CF /* main.m in Sources */ = {isa = PBXBuildFile; fileRef = 5DF274AC1774142C006014CF /* main.m */; };
		5DF274B11774142C006014CF /* TimeAfterTime.1 in CopyFiles */ = {isa = PBXBuildFile; fileRef = 5DF274B01774142C006014CF /* TimeAfterTime.1 */; };
/* End PBXBuildFile section */

/* Begin PBXCopyFilesBuildPhase section */
		5DF274A41774142C006014CF /* CopyFiles */ = {
			isa = PBXCopyFilesBuildPhase;
			buildActionMask = 2147483647;
			dstPath = /usr/share/man/man1/;
			dstSubfolderSpec = 0;
			files = (
				5DF274B11774142C006014CF /* TimeAfterTime.1 in CopyFiles */,
			);
			runOnlyForDeploymentPostprocessing = 1;
		};
/* End PBXCopyFilesBuildPhase section */

/* Begin PBXFileReference section */
		5DF274A61774142C006014CF /* TimeAfterTime */ = {isa = PBXFileReference; explicitFileType = "compiled.mach-o.executable"; includeInIndex = 0; path = TimeAfterTime; sourceTree = BUILT_PRODUCTS_DIR; };
		5DF274A91774142C006014CF /* Foundation.framework */ = {isa = PBXFileReference; lastKnownFileType = wrapper.framework; name = Foundation.framework; path = System/Library/Frameworks/Foundation.framework; sourceTree = SDKROOT; };
		5DF274AC1774142C006014CF /* main.m */ = {isa = PBXFileReference; lastKnownFileType = sourcecode.c.objc; path = main.m; sourceTree = "<group>"; };
		5DF274AF1774142C006014CF /* TimeAfterTime-Prefix.pch */ = {isa = PBXFileReference; lastKnownFileType = sourcecode.c.h; path = "TimeAfterTime-Prefix.pch"; sourceTree = "<group>"; };
		5DF274B01774142C006014CF /* TimeAfterTime.1 */ = {isa = PBXFileReference; lastKnownFileType = text.man; path = TimeAfterTime.1; sourceTree = "<group>"; };
/* End PBXFileReference section */

/* Begin PBXFrameworksBuildPhase section */
		5DF274A31774142C006014CF /* Frameworks */ = {
			isa = PBXFrameworksBuildPhase;
			buildActionMask = 2147483647;
			files = (
				5DF274AA1774142C006014CF /* Foundation.framework in Frameworks */,
			);
			runOnlyForDeploymentPostprocessing = 0;
		};
/* End PBXFrameworksBuildPhase section */

/* Begin PBXGroup section */
		5DF2749D1774142C006014CF = {
			isa = PBXGroup;
			children = (
				5DF274AB1774142C006014CF /* TimeAfterTime */,
				5DF274A81774142C006014CF /* Frameworks */,
				5DF274A71774142C006014CF /* Products */,
			);
			sourceTree = "<group>";
		};
		5DF274A71774142C006014CF /* Products */ = {
			isa = PBXGroup;
			children = (
				5DF274A61774142C006014CF /* TimeAfterTime */,
			);
			name = Products;
			sourceTree = "<group>";
		};
		5DF274A81774142C006014CF /* Frameworks */ = {
			isa = PBXGroup;
			children = (
				5DF274A91774142C006014CF /* Foundation.framework */,
			);
			name = Frameworks;
			sourceTree = "<group>";
		};
		5DF274AB1774142C006014CF /* TimeAfterTime */ = {
			isa = PBXGroup;
			children = (
				5DF274AC1774142C006014CF /* main.m */,
				5DF274B01774142C006014CF /* TimeAfterTime.1 */,
				5DF274AE1774142C006014CF /* Supporting Files */,
			);
			path = TimeAfterTime;
			sourceTree = "<group>";
		};
		5DF274AE1774142C006014CF /* Supporting Files */ = {
			isa = PBXGroup;
			children = (
				5DF274AF1774142C006014CF /* TimeAfterTime-Prefix.pch */,
			);
			name = "Supporting Files";
			sourceTree = "<group>";
		};
/* End PBXGroup section */

/* Begin PBXNativeTarget section */
		5DF274A51774142C006014CF /* TimeAfterTime */ = {
			isa = PBXNativeTarget;
			buildConfigurationList = 5DF274B41774142C006014CF /* Build configuration list for PBXNativeTarget "TimeAfterTime" */;
			buildPhases = (
				5DF274A21774142C006014CF /* Sources */,
				5DF274A31774142C006014CF /* Frameworks */,
				5DF274A41774142C006014CF /* CopyFiles */,
			);
			buildRules = (
			);
			dependencies = (
			);
			name = TimeAfterTime;
			productName = TimeAfterTime;
			productReference = 5DF274A61774142C006014CF /* TimeAfterTime */;
			productType = "com.apple.product-type.tool";
		};
/* End PBXNativeTarget section */

/* Begin PBXProject section */
		5DF2749E1774142C006014CF /* Project object */ = {
			isa = PBXProject;
			attributes = {
				LastUpgradeCheck = 0460;
				ORGANIZATIONNAME = "SofDev Inc.";
			};
			buildConfigurationList = 5DF274A11774142C006014CF /* Build configuration list for PBXProject "TimeAfterTime" */;
			compatibilityVersion = "Xcode 3.2";
			developmentRegion = English;
			hasScannedForEncodings = 0;
			knownRegions = (
				en,
			);
			mainGroup = 5DF2749D1774142C006014CF;
			productRefGroup = 5DF274A71774142C006014CF /* Products */;
			projectDirPath = "";
			projectRoot = "";
			targets = (
				5DF274A51774142C006014CF /* TimeAfterTime */,
			);
		};
/* End PBXProject section */

/* Begin PBXSourcesBuildPhase section */
		5DF274A21774142C006014CF /* Sources */ = {
			isa = PBXSourcesBuildPhase;
			buildActionMask = 2147483647;
			files = (
				5DF274AD1774142C006014CF /* main.m in Sources */,
			);
			runOnlyForDeploymentPostprocessing = 0;
		};
/* End PBXSourcesBuildPhase section */

/* Begin XCBuildConfiguration section */
		5DF274B21774142C006014CF /* Debug */ = {
			isa = XCBuildConfiguration;
			buildSettings = {
				ALWAYS_SEARCH_USER_PATHS = NO;
				ARCHS = "$(ARCHS_STANDARD_64_BIT)";
				CLANG_CXX_LANGUAGE_STANDARD = "gnu++0x";
				CLANG_CXX_LIBRARY = "libc++";
				CLANG_ENABLE_OBJC_ARC = YES;
				CLANG_WARN_CONSTANT_CONVERSION = YES;
				CLANG_WARN_EMPTY_BODY = YES;
				CLANG_WARN_ENUM_CONVERSION = YES;
				CLANG_WARN_INT_CONVERSION = YES;
				CLANG_WARN__DUPLICATE_METHOD_MATCH = YES;
				COPY_PHASE_STRIP = NO;
				GCC_C_LANGUAGE_STANDARD = gnu99;
				GCC_DYNAMIC_NO_PIC = NO;
				GCC_ENABLE_OBJC_EXCEPTIONS = YES;
				GCC_OPTIMIZATION_LEVEL = 0;
				GCC_PREPROCESSOR_DEFINITIONS = (
					"DEBUG=1",
					"$(inherited)",
				);
				GCC_SYMBOLS_PRIVATE_EXTERN = NO;
				GCC_WARN_64_TO_32_BIT_CONVERSION = YES;
				GCC_WARN_ABOUT_RETURN_TYPE = YES;
				GCC_WARN_UNINITIALIZED_AUTOS = YES;
				GCC_WARN_UNUSED_VARIABLE = YES;
				MACOSX_DEPLOYMENT_TARGET = 10.8;
				ONLY_ACTIVE_ARCH = YES;
				SDKROOT = macosx;
			};
			name = Debug;
		};
		5DF274B31774142C006014CF /* Release */ = {
			isa = XCBuildConfiguration;
			buildSettings = {
				ALWAYS_SEARCH_USER_PATHS = NO;
				ARCHS = "$(ARCHS_STANDARD_64_BIT)";
				CLANG_CXX_LANGUAGE_STANDARD = "gnu++0x";
				CLANG_CXX_LIBRARY = "libc++";
				CLANG_ENABLE_OBJC_ARC = YES;
				CLANG_WARN_CONSTANT_CONVERSION = YES;
				CLANG_WARN_EMPTY_BODY = YES;
				CLANG_WARN_ENUM_CONVERSION = YES;
				CLANG_WARN_INT_CONVERSION = YES;
				CLANG_WARN__DUPLICATE_METHOD_MATCH = YES;
				COPY_PHASE_STRIP = YES;
				DEBUG_INFORMATION_FORMAT = "dwarf-with-dsym";
				GCC_C_LANGUAGE_STANDARD = gnu99;
				GCC_ENABLE_OBJC_EXCEPTIONS = YES;
				GCC_WARN_64_TO_32_BIT_CONVERSION = YES;
				GCC_WARN_ABOUT_RETURN_TYPE = YES;
				GCC_WARN_UNINITIALIZED_AUTOS = YES;
				GCC_WARN_UNUSED_VARIABLE = YES;
				MACOSX_DEPLOYMENT_TARGET = 10.8;
				SDKROOT = macosx;
			};
			name = Release;
		};
		5DF274B51774142C006014CF /* Debug */ = {
			isa = XCBuildConfiguration;
			buildSettings = {
				GCC_PRECOMPILE_PREFIX_HEADER = YES;
				GCC_PREFIX_HEADER = "TimeAfterTime/TimeAfterTime-Prefix.pch";
				PRODUCT_NAME = "$(TARGET_NAME)";
			};
			name = Debug;
		};
		5DF274B61774142C006014CF /* Release */ = {
			isa = XCBuildConfiguration;
			buildSettings = {
				GCC_PRECOMPILE_PREFIX_HEADER = YES;
				GCC_PREFIX_HEADER = "TimeAfterTime/TimeAfterTime-Prefix.pch";
				PRODUCT_NAME = "$(TARGET_NAME)";
			};
			name = Release;
		};
/* End XCBuildConfiguration section */

/* Begin XCConfigurationList section */
		5DF274A11774142C006014CF /* Build configuration list for PBXProject "TimeAfterTime" */ = {
			isa = XCConfigurationList;
			buildConfigurations = (
				5DF274B21774142C006014CF /* Debug */,
				5DF274B31774142C006014CF /* Release */,
			);
			defaultConfigurationIsVisible = 0;
			defaultConfigurationName = Release;
		};
		5DF274B41774142C006014CF /* Build configuration list for PBXNativeTarget "TimeAfterTime" */ = {
			isa = XCConfigurationList;
			buildConfigurations = (
				5DF274B51774142C006014CF /* Debug */,
				5DF274B61774142C006014CF /* Release */,
			);
			defaultConfigurationIsVisible = 0;
		};
/* End XCConfigurationList section */
	};
	rootObject = 5DF2749E1774142C006014CF /* Project object */;
}
